
Microsoft Visual Studio Solution File, Format Version 12.00
# Visual Studio Version 16
VisualStudioVersion = 16.0.32510.428
MinimumVisualStudioVersion = 10.0.40219.1
Project("{FAE04EC0-301F-11D3-BF4B-00C04F79EFBC}") = "ST10083941-S2-ICE1", "ST10083941-S2-ICE1.csproj", "{2B1F71B9-4561-4F95-A997-3A42539EA012}"
EndProject
Global
	GlobalSection(SolutionConfigurationPlatforms) = preSolution
		Debug|Any CPU = Debug|Any CPU
		Release|Any CPU = Release|Any CPU
	EndGlobalSection
	GlobalSection(ProjectConfigurationPlatforms) = postSolution
		{2B1F71B9-4561-4F95-A997-3A42539EA012}.Debug|Any CPU.ActiveCfg = Debug|Any CPU
		{2B1F71B9-4561-4F95-A997-3A42539EA012}.Debug|Any CPU.Build.0 = Debug|Any CPU
		{2B1F71B9-4561-4F95-A997-3A42539EA012}.Release|Any CPU.ActiveCfg = Release|Any CPU
		{2B1F71B9-4561-4F95-A997-3A42539EA012}.Release|Any CPU.Build.0 = Release|Any CPU
	EndGlobalSection
	GlobalSection(SolutionProperties) = preSolution
		HideSolutionNode = FALSE
	EndGlobalSection
	GlobalSection(ExtensibilityGlobals) = postSolution
		SolutionGuid = {09DD1F57-FD01-477F-937A-7E0EE33C2038}
	EndGlobalSection
EndGlobal
